
Microsoft Visual Studio Solution File, Format Version 12.00
# Visual Studio Version 16
VisualStudioVersion = 16.0.31424.327
MinimumVisualStudioVersion = 10.0.40219.1
Project("{9A19103F-16F7-4668-BE54-9A1E7A4F7556}") = "ShoppingApp.Core", "ShoppingApp.Core\ShoppingApp.Core.csproj", "{3C164E19-5A66-4D39-B955-CDCC11E4C9FF}"
EndProject
Project("{9A19103F-16F7-4668-BE54-9A1E7A4F7556}") = "ShoppingApp.MsSqlServer.Entities", "ShoppingApp.MsSqlServer.Entities\ShoppingApp.MsSqlServer.Entities.csproj", "{3FC7C2F5-C87A-4D26-ADDB-96A10A577E4F}"
EndProject
Project("{9A19103F-16F7-4668-BE54-9A1E7A4F7556}") = "ShoppingApp.MsSqlServer.DataAccess", "ShoppingApp.MsSqlServer.DataAccess\ShoppingApp.MsSqlServer.DataAccess.csproj", "{4E18CAA3-866A-4A83-9FD6-D230D78F079F}"
EndProject
Project("{9A19103F-16F7-4668-BE54-9A1E7A4F7556}") = "ShoppingApp.MsSqlServer.Business", "ShoppingApp.MsSqlServer.Business\ShoppingApp.MsSqlServer.Business.csproj", "{B08E8D62-A4FC-46DC-B757-37D8DB56212F}"
EndProject
Project("{9A19103F-16F7-4668-BE54-9A1E7A4F7556}") = "ShoppingApp.MsSqlServer.MvcWebUI", "ShoppingApp.MsSqlServer.MvcWebUI\ShoppingApp.MsSqlServer.MvcWebUI.csproj", "{EDFC1C43-104A-4333-A8D1-4665B6C9BED3}"
EndProject
Global
	GlobalSection(SolutionConfigurationPlatforms) = preSolution
		Debug|Any CPU = Debug|Any CPU
		Release|Any CPU = Release|Any CPU
	EndGlobalSection
	GlobalSection(ProjectConfigurationPlatforms) = postSolution
		{3C164E19-5A66-4D39-B955-CDCC11E4C9FF}.Debug|Any CPU.ActiveCfg = Debug|Any CPU
		{3C164E19-5A66-4D39-B955-CDCC11E4C9FF}.Debug|Any CPU.Build.0 = Debug|Any CPU
		{3C164E19-5A66-4D39-B955-CDCC11E4C9FF}.Release|Any CPU.ActiveCfg = Release|Any CPU
		{3C164E19-5A66-4D39-B955-CDCC11E4C9FF}.Release|Any CPU.Build.0 = Release|Any CPU
		{3FC7C2F5-C87A-4D26-ADDB-96A10A577E4F}.Debug|Any CPU.ActiveCfg = Debug|Any CPU
		{3FC7C2F5-C87A-4D26-ADDB-96A10A577E4F}.Debug|Any CPU.Build.0 = Debug|Any CPU
		{3FC7C2F5-C87A-4D26-ADDB-96A10A577E4F}.Release|Any CPU.ActiveCfg = Release|Any CPU
		{3FC7C2F5-C87A-4D26-ADDB-96A10A577E4F}.Release|Any CPU.Build.0 = Release|Any CPU
		{4E18CAA3-866A-4A83-9FD6-D230D78F079F}.Debug|Any CPU.ActiveCfg = Debug|Any CPU
		{4E18CAA3-866A-4A83-9FD6-D230D78F079F}.Debug|Any CPU.Build.0 = Debug|Any CPU
		{4E18CAA3-866A-4A83-9FD6-D230D78F079F}.Release|Any CPU.ActiveCfg = Release|Any CPU
		{4E18CAA3-866A-4A83-9FD6-D230D78F079F}.Release|Any CPU.Build.0 = Release|Any CPU
		{B08E8D62-A4FC-46DC-B757-37D8DB56212F}.Debug|Any CPU.ActiveCfg = Debug|Any CPU
		{B08E8D62-A4FC-46DC-B757-37D8DB56212F}.Debug|Any CPU.Build.0 = Debug|Any CPU
		{B08E8D62-A4FC-46DC-B757-37D8DB56212F}.Release|Any CPU.ActiveCfg = Release|Any CPU
		{B08E8D62-A4FC-46DC-B757-37D8DB56212F}.Release|Any CPU.Build.0 = Release|Any CPU
		{EDFC1C43-104A-4333-A8D1-4665B6C9BED3}.Debug|Any CPU.ActiveCfg = Debug|Any CPU
		{EDFC1C43-104A-4333-A8D1-4665B6C9BED3}.Debug|Any CPU.Build.0 = Debug|Any CPU
		{EDFC1C43-104A-4333-A8D1-4665B6C9BED3}.Release|Any CPU.ActiveCfg = Release|Any CPU
		{EDFC1C43-104A-4333-A8D1-4665B6C9BED3}.Release|Any CPU.Build.0 = Release|Any CPU
	EndGlobalSection
	GlobalSection(SolutionProperties) = preSolution
		HideSolutionNode = FALSE
	EndGlobalSection
	GlobalSection(ExtensibilityGlobals) = postSolution
		SolutionGuid = {25C3E236-24DC-434F-A507-343DA4AEA563}
	EndGlobalSection
EndGlobal
